
Microsoft Visual Studio Solution File, Format Version 12.00
# Visual Studio 2013
VisualStudioVersion = 12.0.31101.0
MinimumVisualStudioVersion = 10.0.40219.1
Project("{2150E333-8FDC-42A3-9474-1A3956D46DE8}") = "ramp_festival", "ramp_festival", "{F6C0526E-9FE6-4B07-B340-243315E431F1}"
EndProject
Project("{FAE04EC0-301F-11D3-BF4B-00C04F79EFBC}") = "ramp_festival.Windows", "ramp_festival\ramp_festival.Windows\ramp_festival.Windows.csproj", "{C8FCA4E8-5E5B-4B79-95A9-A74383823FEC}"
	ProjectSection(ProjectDependencies) = postProject
		{209FA716-A7AD-4095-BD70-C8710FC66FA7} = {209FA716-A7AD-4095-BD70-C8710FC66FA7}
	EndProjectSection
EndProject
Project("{D954291E-2A0B-460D-934E-DC6B0785DB48}") = "ramp_festival.Shared", "ramp_festival\ramp_festival.Shared\ramp_festival.Shared.shproj", "{1BBA7382-395F-44D1-9431-813384EAB491}"
EndProject
Project("{FAE04EC0-301F-11D3-BF4B-00C04F79EFBC}") = "ramp_festival.WindowsPhone", "ramp_festival\ramp_festival.WindowsPhone\ramp_festival.WindowsPhone.csproj", "{BD50ECA0-7F46-41E1-A407-56821F327B5B}"
	ProjectSection(ProjectDependencies) = postProject
		{209FA716-A7AD-4095-BD70-C8710FC66FA7} = {209FA716-A7AD-4095-BD70-C8710FC66FA7}
	EndProjectSection
EndProject
Project("{FAE04EC0-301F-11D3-BF4B-00C04F79EFBC}") = "ramp_festivalService", "ramp_festivalService\ramp_festivalService.csproj", "{209FA716-A7AD-4095-BD70-C8710FC66FA7}"
EndProject
Project("{2150E333-8FDC-42A3-9474-1A3956D46DE8}") = "Contest Management", "Contest Management", "{E69BCDD3-6421-416C-AA19-61D4B96C7CB8}"
EndProject
Project("{FAE04EC0-301F-11D3-BF4B-00C04F79EFBC}") = "mad.ContestManagement.Domain", "Contest Management\mad.ContestManagement.Domain\mad.ContestManagement.Domain.csproj", "{1FDCA195-EFF5-4391-8655-00B9FC9E2458}"
EndProject
Project("{FAE04EC0-301F-11D3-BF4B-00C04F79EFBC}") = "ContestManagement.Web.Admin", "Contest Management\ContestManagement.Web.Admin\ContestManagement.Web.Admin.csproj", "{F4A13631-BF7C-4012-8B07-5BE51EA1AE07}"
EndProject
Project("{2150E333-8FDC-42A3-9474-1A3956D46DE8}") = "PublishScripts", "PublishScripts", "{B31083F9-DDCC-453C-A4BE-888889BE6170}"
	ProjectSection(SolutionItems) = preProject
		PublishScripts\AzureWebsitePublishModule.psm1 = PublishScripts\AzureWebsitePublishModule.psm1
		PublishScripts\Publish-WebApplicationWebsite.ps1 = PublishScripts\Publish-WebApplicationWebsite.ps1
	EndProjectSection
EndProject
Project("{2150E333-8FDC-42A3-9474-1A3956D46DE8}") = "Configurations", "Configurations", "{7577D87C-76FF-42AC-B460-E07754E754D5}"
	ProjectSection(SolutionItems) = preProject
		PublishScripts\Configurations\ContestManagementWebAdmin-WAWS-dev.json = PublishScripts\Configurations\ContestManagementWebAdmin-WAWS-dev.json
		PublishScripts\Configurations\madRamp-FestivalWebPublic-WAWS-dev.json = PublishScripts\Configurations\madRamp-FestivalWebPublic-WAWS-dev.json
	EndProjectSection
EndProject
Project("{FAE04EC0-301F-11D3-BF4B-00C04F79EFBC}") = "mad.Ramp-Festival.Web.Public", "mad.Ramp-Festival.Web.Public\mad.Ramp-Festival.Web.Public.csproj", "{19F826E9-2505-4D0F-8ACE-77F22B45F9F7}"
EndProject
Project("{2150E333-8FDC-42A3-9474-1A3956D46DE8}") = "Solution Items", "Solution Items", "{5415563B-9940-4C8C-80B1-3AFE49AE1C4F}"
EndProject
Project("{FAE04EC0-301F-11D3-BF4B-00C04F79EFBC}") = "ContestManagement.Application", "Contest Management\ContestManagement.Application\ContestManagement.Application.csproj", "{338F186B-6765-4116-87E5-22DE42D2F052}"
EndProject
Project("{2150E333-8FDC-42A3-9474-1A3956D46DE8}") = "Infrastructure", "Infrastructure", "{2F4D688B-F002-49DE-A9F6-D8E6951F8CA6}"
EndProject
Project("{FAE04EC0-301F-11D3-BF4B-00C04F79EFBC}") = "Infrastructure", "Infrastructure\Infrastructure\Infrastructure.csproj", "{BD8EDB29-11DE-468A-8EBB-6BD9A75BB473}"
EndProject
Project("{2150E333-8FDC-42A3-9474-1A3956D46DE8}") = "Contest Execution", "Contest Execution", "{CF3C1F48-5113-4DDA-A62F-B2EE56D9ACBE}"
EndProject
Project("{2150E333-8FDC-42A3-9474-1A3956D46DE8}") = "ContestExecution.App", "ContestExecution.App", "{56954BED-C2D0-4D1D-AFA3-9367B0BC053F}"
EndProject
Project("{D954291E-2A0B-460D-934E-DC6B0785DB48}") = "ContestExecution.App.Shared", "ContestExecution.App\ContestExecution.App.Shared\ContestExecution.App.Shared.shproj", "{E0000F18-EBE1-4B46-8869-39B62085F059}"
EndProject
Project("{FAE04EC0-301F-11D3-BF4B-00C04F79EFBC}") = "ContestExecution.App.Windows", "ContestExecution.App\ContestExecution.App.Windows\ContestExecution.App.Windows.csproj", "{B12F9E2D-9EC3-4251-A3E1-42D2A486D065}"
EndProject
Project("{FAE04EC0-301F-11D3-BF4B-00C04F79EFBC}") = "ContestExecution.App.WindowsPhone", "ContestExecution.App\ContestExecution.App.WindowsPhone\ContestExecution.App.WindowsPhone.csproj", "{179019A0-927E-434C-BCEA-EEAE654FDBD3}"
EndProject
Project("{2150E333-8FDC-42A3-9474-1A3956D46DE8}") = "Images", "Images", "{151E6655-1F32-4552-B9FF-9A79EC3C6699}"
	ProjectSection(SolutionItems) = preProject
		mad.Ramp-Festival.Web.Public\Content\images\title.png = mad.Ramp-Festival.Web.Public\Content\images\title.png
	EndProjectSection
EndProject
Project("{FAE04EC0-301F-11D3-BF4B-00C04F79EFBC}") = "Infrastructure.EventSourcing", "Infrastructure\Infrastructure.EventSourcing\Infrastructure.EventSourcing.csproj", "{C51FBE04-C95C-47C5-BFB8-59F767409028}"
EndProject
Project("{FAE04EC0-301F-11D3-BF4B-00C04F79EFBC}") = "Infrastructure.Messaging", "Infrastructure\Infrastructure.Messaging\Infrastructure.Messaging.csproj", "{9255E4A8-8F41-410F-8B4D-34A48D5643EA}"
EndProject
Project("{FAE04EC0-301F-11D3-BF4B-00C04F79EFBC}") = "ContestManagement.Contracts", "Contest Management\ContestManagement.Contracts\ContestManagement.Contracts.csproj", "{2D9FA317-A870-48C1-A150-027C9D4C12D3}"
EndProject
Global
	GlobalSection(SharedMSBuildProjectFiles) = preSolution
		ramp_festival\ramp_festival.Shared\ramp_festival.Shared.projitems*{bd50eca0-7f46-41e1-a407-56821f327b5b}*SharedItemsImports = 4
		ramp_festival\ramp_festival.Shared\ramp_festival.Shared.projitems*{1bba7382-395f-44d1-9431-813384eab491}*SharedItemsImports = 13
		ramp_festival\ramp_festival.Shared\ramp_festival.Shared.projitems*{c8fca4e8-5e5b-4b79-95a9-a74383823fec}*SharedItemsImports = 4
		ContestExecution.App\ContestExecution.App.Shared\ContestExecution.App.Shared.projitems*{e0000f18-ebe1-4b46-8869-39b62085f059}*SharedItemsImports = 13
		ContestExecution.App\ContestExecution.App.Shared\ContestExecution.App.Shared.projitems*{179019a0-927e-434c-bcea-eeae654fdbd3}*SharedItemsImports = 4
		ContestExecution.App\ContestExecution.App.Shared\ContestExecution.App.Shared.projitems*{b12f9e2d-9ec3-4251-a3e1-42d2a486d065}*SharedItemsImports = 4
	EndGlobalSection
	GlobalSection(SolutionConfigurationPlatforms) = preSolution
		Debug|Any CPU = Debug|Any CPU
		Debug|ARM = Debug|ARM
		Debug|x64 = Debug|x64
		Debug|x86 = Debug|x86
		Release|Any CPU = Release|Any CPU
		Release|ARM = Release|ARM
		Release|x64 = Release|x64
		Release|x86 = Release|x86
	EndGlobalSection
	GlobalSection(ProjectConfigurationPlatforms) = postSolution
		{C8FCA4E8-5E5B-4B79-95A9-A74383823FEC}.Debug|Any CPU.ActiveCfg = Debug|Any CPU
		{C8FCA4E8-5E5B-4B79-95A9-A74383823FEC}.Debug|Any CPU.Build.0 = Debug|Any CPU
		{C8FCA4E8-5E5B-4B79-95A9-A74383823FEC}.Debug|Any CPU.Deploy.0 = Debug|Any CPU
		{C8FCA4E8-5E5B-4B79-95A9-A74383823FEC}.Debug|ARM.ActiveCfg = Debug|ARM
		{C8FCA4E8-5E5B-4B79-95A9-A74383823FEC}.Debug|ARM.Build.0 = Debug|ARM
		{C8FCA4E8-5E5B-4B79-95A9-A74383823FEC}.Debug|ARM.Deploy.0 = Debug|ARM
		{C8FCA4E8-5E5B-4B79-95A9-A74383823FEC}.Debug|x64.ActiveCfg = Debug|x64
		{C8FCA4E8-5E5B-4B79-95A9-A74383823FEC}.Debug|x64.Build.0 = Debug|x64
		{C8FCA4E8-5E5B-4B79-95A9-A74383823FEC}.Debug|x64.Deploy.0 = Debug|x64
		{C8FCA4E8-5E5B-4B79-95A9-A74383823FEC}.Debug|x86.ActiveCfg = Debug|x86
		{C8FCA4E8-5E5B-4B79-95A9-A74383823FEC}.Debug|x86.Build.0 = Debug|x86
		{C8FCA4E8-5E5B-4B79-95A9-A74383823FEC}.Debug|x86.Deploy.0 = Debug|x86
		{C8FCA4E8-5E5B-4B79-95A9-A74383823FEC}.Release|Any CPU.ActiveCfg = Release|Any CPU
		{C8FCA4E8-5E5B-4B79-95A9-A74383823FEC}.Release|Any CPU.Build.0 = Release|Any CPU
		{C8FCA4E8-5E5B-4B79-95A9-A74383823FEC}.Release|Any CPU.Deploy.0 = Release|Any CPU
		{C8FCA4E8-5E5B-4B79-95A9-A74383823FEC}.Release|ARM.ActiveCfg = Release|ARM
		{C8FCA4E8-5E5B-4B79-95A9-A74383823FEC}.Release|ARM.Build.0 = Release|ARM
		{C8FCA4E8-5E5B-4B79-95A9-A74383823FEC}.Release|ARM.Deploy.0 = Release|ARM
		{C8FCA4E8-5E5B-4B79-95A9-A74383823FEC}.Release|x64.ActiveCfg = Release|x64
		{C8FCA4E8-5E5B-4B79-95A9-A74383823FEC}.Release|x64.Build.0 = Release|x64
		{C8FCA4E8-5E5B-4B79-95A9-A74383823FEC}.Release|x64.Deploy.0 = Release|x64
		{C8FCA4E8-5E5B-4B79-95A9-A74383823FEC}.Release|x86.ActiveCfg = Release|x86
		{C8FCA4E8-5E5B-4B79-95A9-A74383823FEC}.Release|x86.Build.0 = Release|x86
		{C8FCA4E8-5E5B-4B79-95A9-A74383823FEC}.Release|x86.Deploy.0 = Release|x86
		{BD50ECA0-7F46-41E1-A407-56821F327B5B}.Debug|Any CPU.ActiveCfg = Debug|Any CPU
		{BD50ECA0-7F46-41E1-A407-56821F327B5B}.Debug|Any CPU.Build.0 = Debug|Any CPU
		{BD50ECA0-7F46-41E1-A407-56821F327B5B}.Debug|Any CPU.Deploy.0 = Debug|Any CPU
		{BD50ECA0-7F46-41E1-A407-56821F327B5B}.Debug|ARM.ActiveCfg = Debug|ARM
		{BD50ECA0-7F46-41E1-A407-56821F327B5B}.Debug|ARM.Build.0 = Debug|ARM
		{BD50ECA0-7F46-41E1-A407-56821F327B5B}.Debug|ARM.Deploy.0 = Debug|ARM
		{BD50ECA0-7F46-41E1-A407-56821F327B5B}.Debug|x64.ActiveCfg = Debug|Any CPU
		{BD50ECA0-7F46-41E1-A407-56821F327B5B}.Debug|x86.ActiveCfg = Debug|x86
		{BD50ECA0-7F46-41E1-A407-56821F327B5B}.Debug|x86.Build.0 = Debug|x86
		{BD50ECA0-7F46-41E1-A407-56821F327B5B}.Debug|x86.Deploy.0 = Debug|x86
		{BD50ECA0-7F46-41E1-A407-56821F327B5B}.Release|Any CPU.ActiveCfg = Release|Any CPU
		{BD50ECA0-7F46-41E1-A407-56821F327B5B}.Release|Any CPU.Build.0 = Release|Any CPU
		{BD50ECA0-7F46-41E1-A407-56821F327B5B}.Release|Any CPU.Deploy.0 = Release|Any CPU
		{BD50ECA0-7F46-41E1-A407-56821F327B5B}.Release|ARM.ActiveCfg = Release|ARM
		{BD50ECA0-7F46-41E1-A407-56821F327B5B}.Release|ARM.Build.0 = Release|ARM
		{BD50ECA0-7F46-41E1-A407-56821F327B5B}.Release|ARM.Deploy.0 = Release|ARM
		{BD50ECA0-7F46-41E1-A407-56821F327B5B}.Release|x64.ActiveCfg = Release|Any CPU
		{BD50ECA0-7F46-41E1-A407-56821F327B5B}.Release|x86.ActiveCfg = Release|x86
		{BD50ECA0-7F46-41E1-A407-56821F327B5B}.Release|x86.Build.0 = Release|x86
		{BD50ECA0-7F46-41E1-A407-56821F327B5B}.Release|x86.Deploy.0 = Release|x86
		{209FA716-A7AD-4095-BD70-C8710FC66FA7}.Debug|Any CPU.ActiveCfg = Debug|Any CPU
		{209FA716-A7AD-4095-BD70-C8710FC66FA7}.Debug|Any CPU.Build.0 = Debug|Any CPU
		{209FA716-A7AD-4095-BD70-C8710FC66FA7}.Debug|Any CPU.Deploy.0 = Debug|Any CPU
		{209FA716-A7AD-4095-BD70-C8710FC66FA7}.Debug|ARM.ActiveCfg = Debug|Any CPU
		{209FA716-A7AD-4095-BD70-C8710FC66FA7}.Debug|x64.ActiveCfg = Debug|Any CPU
		{209FA716-A7AD-4095-BD70-C8710FC66FA7}.Debug|x86.ActiveCfg = Debug|Any CPU
		{209FA716-A7AD-4095-BD70-C8710FC66FA7}.Release|Any CPU.ActiveCfg = Release|Any CPU
		{209FA716-A7AD-4095-BD70-C8710FC66FA7}.Release|Any CPU.Build.0 = Release|Any CPU
		{209FA716-A7AD-4095-BD70-C8710FC66FA7}.Release|Any CPU.Deploy.0 = Release|Any CPU
		{209FA716-A7AD-4095-BD70-C8710FC66FA7}.Release|ARM.ActiveCfg = Release|Any CPU
		{209FA716-A7AD-4095-BD70-C8710FC66FA7}.Release|x64.ActiveCfg = Release|Any CPU
		{209FA716-A7AD-4095-BD70-C8710FC66FA7}.Release|x86.ActiveCfg = Release|Any CPU
		{1FDCA195-EFF5-4391-8655-00B9FC9E2458}.Debug|Any CPU.ActiveCfg = Debug|Any CPU
		{1FDCA195-EFF5-4391-8655-00B9FC9E2458}.Debug|Any CPU.Build.0 = Debug|Any CPU
		{1FDCA195-EFF5-4391-8655-00B9FC9E2458}.Debug|ARM.ActiveCfg = Debug|Any CPU
		{1FDCA195-EFF5-4391-8655-00B9FC9E2458}.Debug|x64.ActiveCfg = Debug|Any CPU
		{1FDCA195-EFF5-4391-8655-00B9FC9E2458}.Debug|x86.ActiveCfg = Debug|Any CPU
		{1FDCA195-EFF5-4391-8655-00B9FC9E2458}.Release|Any CPU.ActiveCfg = Release|Any CPU
		{1FDCA195-EFF5-4391-8655-00B9FC9E2458}.Release|Any CPU.Build.0 = Release|Any CPU
		{1FDCA195-EFF5-4391-8655-00B9FC9E2458}.Release|ARM.ActiveCfg = Release|Any CPU
		{1FDCA195-EFF5-4391-8655-00B9FC9E2458}.Release|x64.ActiveCfg = Release|Any CPU
		{1FDCA195-EFF5-4391-8655-00B9FC9E2458}.Release|x86.ActiveCfg = Release|Any CPU
		{F4A13631-BF7C-4012-8B07-5BE51EA1AE07}.Debug|Any CPU.ActiveCfg = Debug|Any CPU
		{F4A13631-BF7C-4012-8B07-5BE51EA1AE07}.Debug|Any CPU.Build.0 = Debug|Any CPU
		{F4A13631-BF7C-4012-8B07-5BE51EA1AE07}.Debug|ARM.ActiveCfg = Debug|Any CPU
		{F4A13631-BF7C-4012-8B07-5BE51EA1AE07}.Debug|x64.ActiveCfg = Debug|Any CPU
		{F4A13631-BF7C-4012-8B07-5BE51EA1AE07}.Debug|x86.ActiveCfg = Debug|Any CPU
		{F4A13631-BF7C-4012-8B07-5BE51EA1AE07}.Release|Any CPU.ActiveCfg = Release|Any CPU
		{F4A13631-BF7C-4012-8B07-5BE51EA1AE07}.Release|Any CPU.Build.0 = Release|Any CPU
		{F4A13631-BF7C-4012-8B07-5BE51EA1AE07}.Release|ARM.ActiveCfg = Release|Any CPU
		{F4A13631-BF7C-4012-8B07-5BE51EA1AE07}.Release|x64.ActiveCfg = Release|Any CPU
		{F4A13631-BF7C-4012-8B07-5BE51EA1AE07}.Release|x86.ActiveCfg = Release|Any CPU
		{19F826E9-2505-4D0F-8ACE-77F22B45F9F7}.Debug|Any CPU.ActiveCfg = Debug|Any CPU
		{19F826E9-2505-4D0F-8ACE-77F22B45F9F7}.Debug|Any CPU.Build.0 = Debug|Any CPU
		{19F826E9-2505-4D0F-8ACE-77F22B45F9F7}.Debug|ARM.ActiveCfg = Debug|Any CPU
		{19F826E9-2505-4D0F-8ACE-77F22B45F9F7}.Debug|ARM.Build.0 = Debug|Any CPU
		{19F826E9-2505-4D0F-8ACE-77F22B45F9F7}.Debug|x64.ActiveCfg = Debug|Any CPU
		{19F826E9-2505-4D0F-8ACE-77F22B45F9F7}.Debug|x64.Build.0 = Debug|Any CPU
		{19F826E9-2505-4D0F-8ACE-77F22B45F9F7}.Debug|x86.ActiveCfg = Debug|Any CPU
		{19F826E9-2505-4D0F-8ACE-77F22B45F9F7}.Debug|x86.Build.0 = Debug|Any CPU
		{19F826E9-2505-4D0F-8ACE-77F22B45F9F7}.Release|Any CPU.ActiveCfg = Release|Any CPU
		{19F826E9-2505-4D0F-8ACE-77F22B45F9F7}.Release|Any CPU.Build.0 = Release|Any CPU
		{19F826E9-2505-4D0F-8ACE-77F22B45F9F7}.Release|ARM.ActiveCfg = Release|Any CPU
		{19F826E9-2505-4D0F-8ACE-77F22B45F9F7}.Release|ARM.Build.0 = Release|Any CPU
		{19F826E9-2505-4D0F-8ACE-77F22B45F9F7}.Release|x64.ActiveCfg = Release|Any CPU
		{19F826E9-2505-4D0F-8ACE-77F22B45F9F7}.Release|x64.Build.0 = Release|Any CPU
		{19F826E9-2505-4D0F-8ACE-77F22B45F9F7}.Release|x86.ActiveCfg = Release|Any CPU
		{19F826E9-2505-4D0F-8ACE-77F22B45F9F7}.Release|x86.Build.0 = Release|Any CPU
		{338F186B-6765-4116-87E5-22DE42D2F052}.Debug|Any CPU.ActiveCfg = Debug|Any CPU
		{338F186B-6765-4116-87E5-22DE42D2F052}.Debug|Any CPU.Build.0 = Debug|Any CPU
		{338F186B-6765-4116-87E5-22DE42D2F052}.Debug|ARM.ActiveCfg = Debug|Any CPU
		{338F186B-6765-4116-87E5-22DE42D2F052}.Debug|x64.ActiveCfg = Debug|Any CPU
		{338F186B-6765-4116-87E5-22DE42D2F052}.Debug|x86.ActiveCfg = Debug|Any CPU
		{338F186B-6765-4116-87E5-22DE42D2F052}.Release|Any CPU.ActiveCfg = Release|Any CPU
		{338F186B-6765-4116-87E5-22DE42D2F052}.Release|Any CPU.Build.0 = Release|Any CPU
		{338F186B-6765-4116-87E5-22DE42D2F052}.Release|ARM.ActiveCfg = Release|Any CPU
		{338F186B-6765-4116-87E5-22DE42D2F052}.Release|x64.ActiveCfg = Release|Any CPU
		{338F186B-6765-4116-87E5-22DE42D2F052}.Release|x86.ActiveCfg = Release|Any CPU
		{BD8EDB29-11DE-468A-8EBB-6BD9A75BB473}.Debug|Any CPU.ActiveCfg = Debug|Any CPU
		{BD8EDB29-11DE-468A-8EBB-6BD9A75BB473}.Debug|Any CPU.Build.0 = Debug|Any CPU
		{BD8EDB29-11DE-468A-8EBB-6BD9A75BB473}.Debug|ARM.ActiveCfg = Debug|Any CPU
		{BD8EDB29-11DE-468A-8EBB-6BD9A75BB473}.Debug|x64.ActiveCfg = Debug|Any CPU
		{BD8EDB29-11DE-468A-8EBB-6BD9A75BB473}.Debug|x86.ActiveCfg = Debug|Any CPU
		{BD8EDB29-11DE-468A-8EBB-6BD9A75BB473}.Release|Any CPU.ActiveCfg = Release|Any CPU
		{BD8EDB29-11DE-468A-8EBB-6BD9A75BB473}.Release|Any CPU.Build.0 = Release|Any CPU
		{BD8EDB29-11DE-468A-8EBB-6BD9A75BB473}.Release|ARM.ActiveCfg = Release|Any CPU
		{BD8EDB29-11DE-468A-8EBB-6BD9A75BB473}.Release|x64.ActiveCfg = Release|Any CPU
		{BD8EDB29-11DE-468A-8EBB-6BD9A75BB473}.Release|x86.ActiveCfg = Release|Any CPU
		{B12F9E2D-9EC3-4251-A3E1-42D2A486D065}.Debug|Any CPU.ActiveCfg = Debug|Any CPU
		{B12F9E2D-9EC3-4251-A3E1-42D2A486D065}.Debug|Any CPU.Build.0 = Debug|Any CPU
		{B12F9E2D-9EC3-4251-A3E1-42D2A486D065}.Debug|Any CPU.Deploy.0 = Debug|Any CPU
		{B12F9E2D-9EC3-4251-A3E1-42D2A486D065}.Debug|ARM.ActiveCfg = Debug|ARM
		{B12F9E2D-9EC3-4251-A3E1-42D2A486D065}.Debug|ARM.Build.0 = Debug|ARM
		{B12F9E2D-9EC3-4251-A3E1-42D2A486D065}.Debug|ARM.Deploy.0 = Debug|ARM
		{B12F9E2D-9EC3-4251-A3E1-42D2A486D065}.Debug|x64.ActiveCfg = Debug|x64
		{B12F9E2D-9EC3-4251-A3E1-42D2A486D065}.Debug|x64.Build.0 = Debug|x64
		{B12F9E2D-9EC3-4251-A3E1-42D2A486D065}.Debug|x64.Deploy.0 = Debug|x64
		{B12F9E2D-9EC3-4251-A3E1-42D2A486D065}.Debug|x86.ActiveCfg = Debug|x86
		{B12F9E2D-9EC3-4251-A3E1-42D2A486D065}.Debug|x86.Build.0 = Debug|x86
		{B12F9E2D-9EC3-4251-A3E1-42D2A486D065}.Debug|x86.Deploy.0 = Debug|x86
		{B12F9E2D-9EC3-4251-A3E1-42D2A486D065}.Release|Any CPU.ActiveCfg = Release|Any CPU
		{B12F9E2D-9EC3-4251-A3E1-42D2A486D065}.Release|Any CPU.Build.0 = Release|Any CPU
		{B12F9E2D-9EC3-4251-A3E1-42D2A486D065}.Release|Any CPU.Deploy.0 = Release|Any CPU
		{B12F9E2D-9EC3-4251-A3E1-42D2A486D065}.Release|ARM.ActiveCfg = Release|ARM
		{B12F9E2D-9EC3-4251-A3E1-42D2A486D065}.Release|ARM.Build.0 = Release|ARM
		{B12F9E2D-9EC3-4251-A3E1-42D2A486D065}.Release|ARM.Deploy.0 = Release|ARM
		{B12F9E2D-9EC3-4251-A3E1-42D2A486D065}.Release|x64.ActiveCfg = Release|x64
		{B12F9E2D-9EC3-4251-A3E1-42D2A486D065}.Release|x64.Build.0 = Release|x64
		{B12F9E2D-9EC3-4251-A3E1-42D2A486D065}.Release|x64.Deploy.0 = Release|x64
		{B12F9E2D-9EC3-4251-A3E1-42D2A486D065}.Release|x86.ActiveCfg = Release|x86
		{B12F9E2D-9EC3-4251-A3E1-42D2A486D065}.Release|x86.Build.0 = Release|x86
		{B12F9E2D-9EC3-4251-A3E1-42D2A486D065}.Release|x86.Deploy.0 = Release|x86
		{179019A0-927E-434C-BCEA-EEAE654FDBD3}.Debug|Any CPU.ActiveCfg = Debug|Any CPU
		{179019A0-927E-434C-BCEA-EEAE654FDBD3}.Debug|Any CPU.Build.0 = Debug|Any CPU
		{179019A0-927E-434C-BCEA-EEAE654FDBD3}.Debug|Any CPU.Deploy.0 = Debug|Any CPU
		{179019A0-927E-434C-BCEA-EEAE654FDBD3}.Debug|ARM.ActiveCfg = Debug|ARM
		{179019A0-927E-434C-BCEA-EEAE654FDBD3}.Debug|ARM.Build.0 = Debug|ARM
		{179019A0-927E-434C-BCEA-EEAE654FDBD3}.Debug|ARM.Deploy.0 = Debug|ARM
		{179019A0-927E-434C-BCEA-EEAE654FDBD3}.Debug|x64.ActiveCfg = Debug|Any CPU
		{179019A0-927E-434C-BCEA-EEAE654FDBD3}.Debug|x64.Build.0 = Debug|Any CPU
		{179019A0-927E-434C-BCEA-EEAE654FDBD3}.Debug|x64.Deploy.0 = Debug|Any CPU
		{179019A0-927E-434C-BCEA-EEAE654FDBD3}.Debug|x86.ActiveCfg = Debug|x86
		{179019A0-927E-434C-BCEA-EEAE654FDBD3}.Debug|x86.Build.0 = Debug|x86
		{179019A0-927E-434C-BCEA-EEAE654FDBD3}.Debug|x86.Deploy.0 = Debug|x86
		{179019A0-927E-434C-BCEA-EEAE654FDBD3}.Release|Any CPU.ActiveCfg = Release|Any CPU
		{179019A0-927E-434C-BCEA-EEAE654FDBD3}.Release|Any CPU.Build.0 = Release|Any CPU
		{179019A0-927E-434C-BCEA-EEAE654FDBD3}.Release|Any CPU.Deploy.0 = Release|Any CPU
		{179019A0-927E-434C-BCEA-EEAE654FDBD3}.Release|ARM.ActiveCfg = Release|ARM
		{179019A0-927E-434C-BCEA-EEAE654FDBD3}.Release|ARM.Build.0 = Release|ARM
		{179019A0-927E-434C-BCEA-EEAE654FDBD3}.Release|ARM.Deploy.0 = Release|ARM
		{179019A0-927E-434C-BCEA-EEAE654FDBD3}.Release|x64.ActiveCfg = Release|Any CPU
		{179019A0-927E-434C-BCEA-EEAE654FDBD3}.Release|x64.Build.0 = Release|Any CPU
		{179019A0-927E-434C-BCEA-EEAE654FDBD3}.Release|x64.Deploy.0 = Release|Any CPU
		{179019A0-927E-434C-BCEA-EEAE654FDBD3}.Release|x86.ActiveCfg = Release|x86
		{179019A0-927E-434C-BCEA-EEAE654FDBD3}.Release|x86.Build.0 = Release|x86
		{179019A0-927E-434C-BCEA-EEAE654FDBD3}.Release|x86.Deploy.0 = Release|x86
		{C51FBE04-C95C-47C5-BFB8-59F767409028}.Debug|Any CPU.ActiveCfg = Debug|Any CPU
		{C51FBE04-C95C-47C5-BFB8-59F767409028}.Debug|Any CPU.Build.0 = Debug|Any CPU
		{C51FBE04-C95C-47C5-BFB8-59F767409028}.Debug|ARM.ActiveCfg = Debug|Any CPU
		{C51FBE04-C95C-47C5-BFB8-59F767409028}.Debug|x64.ActiveCfg = Debug|Any CPU
		{C51FBE04-C95C-47C5-BFB8-59F767409028}.Debug|x86.ActiveCfg = Debug|Any CPU
		{C51FBE04-C95C-47C5-BFB8-59F767409028}.Release|Any CPU.ActiveCfg = Release|Any CPU
		{C51FBE04-C95C-47C5-BFB8-59F767409028}.Release|Any CPU.Build.0 = Release|Any CPU
		{C51FBE04-C95C-47C5-BFB8-59F767409028}.Release|ARM.ActiveCfg = Release|Any CPU
		{C51FBE04-C95C-47C5-BFB8-59F767409028}.Release|x64.ActiveCfg = Release|Any CPU
		{C51FBE04-C95C-47C5-BFB8-59F767409028}.Release|x86.ActiveCfg = Release|Any CPU
		{9255E4A8-8F41-410F-8B4D-34A48D5643EA}.Debug|Any CPU.ActiveCfg = Debug|Any CPU
		{9255E4A8-8F41-410F-8B4D-34A48D5643EA}.Debug|Any CPU.Build.0 = Debug|Any CPU
		{9255E4A8-8F41-410F-8B4D-34A48D5643EA}.Debug|ARM.ActiveCfg = Debug|Any CPU
		{9255E4A8-8F41-410F-8B4D-34A48D5643EA}.Debug|x64.ActiveCfg = Debug|Any CPU
		{9255E4A8-8F41-410F-8B4D-34A48D5643EA}.Debug|x86.ActiveCfg = Debug|Any CPU
		{9255E4A8-8F41-410F-8B4D-34A48D5643EA}.Release|Any CPU.ActiveCfg = Release|Any CPU
		{9255E4A8-8F41-410F-8B4D-34A48D5643EA}.Release|Any CPU.Build.0 = Release|Any CPU
		{9255E4A8-8F41-410F-8B4D-34A48D5643EA}.Release|ARM.ActiveCfg = Release|Any CPU
		{9255E4A8-8F41-410F-8B4D-34A48D5643EA}.Release|x64.ActiveCfg = Release|Any CPU
		{9255E4A8-8F41-410F-8B4D-34A48D5643EA}.Release|x86.ActiveCfg = Release|Any CPU
		{2D9FA317-A870-48C1-A150-027C9D4C12D3}.Debug|Any CPU.ActiveCfg = Debug|Any CPU
		{2D9FA317-A870-48C1-A150-027C9D4C12D3}.Debug|Any CPU.Build.0 = Debug|Any CPU
		{2D9FA317-A870-48C1-A150-027C9D4C12D3}.Debug|ARM.ActiveCfg = Debug|Any CPU
		{2D9FA317-A870-48C1-A150-027C9D4C12D3}.Debug|x64.ActiveCfg = Debug|Any CPU
		{2D9FA317-A870-48C1-A150-027C9D4C12D3}.Debug|x86.ActiveCfg = Debug|Any CPU
		{2D9FA317-A870-48C1-A150-027C9D4C12D3}.Release|Any CPU.ActiveCfg = Release|Any CPU
		{2D9FA317-A870-48C1-A150-027C9D4C12D3}.Release|Any CPU.Build.0 = Release|Any CPU
		{2D9FA317-A870-48C1-A150-027C9D4C12D3}.Release|ARM.ActiveCfg = Release|Any CPU
		{2D9FA317-A870-48C1-A150-027C9D4C12D3}.Release|x64.ActiveCfg = Release|Any CPU
		{2D9FA317-A870-48C1-A150-027C9D4C12D3}.Release|x86.ActiveCfg = Release|Any CPU
	EndGlobalSection
	GlobalSection(SolutionProperties) = preSolution
		HideSolutionNode = FALSE
	EndGlobalSection
	GlobalSection(NestedProjects) = preSolution
		{C8FCA4E8-5E5B-4B79-95A9-A74383823FEC} = {F6C0526E-9FE6-4B07-B340-243315E431F1}
		{1BBA7382-395F-44D1-9431-813384EAB491} = {F6C0526E-9FE6-4B07-B340-243315E431F1}
		{BD50ECA0-7F46-41E1-A407-56821F327B5B} = {F6C0526E-9FE6-4B07-B340-243315E431F1}
		{1FDCA195-EFF5-4391-8655-00B9FC9E2458} = {E69BCDD3-6421-416C-AA19-61D4B96C7CB8}
		{F4A13631-BF7C-4012-8B07-5BE51EA1AE07} = {E69BCDD3-6421-416C-AA19-61D4B96C7CB8}
		{7577D87C-76FF-42AC-B460-E07754E754D5} = {B31083F9-DDCC-453C-A4BE-888889BE6170}
		{338F186B-6765-4116-87E5-22DE42D2F052} = {E69BCDD3-6421-416C-AA19-61D4B96C7CB8}
		{BD8EDB29-11DE-468A-8EBB-6BD9A75BB473} = {2F4D688B-F002-49DE-A9F6-D8E6951F8CA6}
		{56954BED-C2D0-4D1D-AFA3-9367B0BC053F} = {CF3C1F48-5113-4DDA-A62F-B2EE56D9ACBE}
		{E0000F18-EBE1-4B46-8869-39B62085F059} = {56954BED-C2D0-4D1D-AFA3-9367B0BC053F}
		{B12F9E2D-9EC3-4251-A3E1-42D2A486D065} = {56954BED-C2D0-4D1D-AFA3-9367B0BC053F}
		{179019A0-927E-434C-BCEA-EEAE654FDBD3} = {56954BED-C2D0-4D1D-AFA3-9367B0BC053F}
		{151E6655-1F32-4552-B9FF-9A79EC3C6699} = {5415563B-9940-4C8C-80B1-3AFE49AE1C4F}
		{C51FBE04-C95C-47C5-BFB8-59F767409028} = {2F4D688B-F002-49DE-A9F6-D8E6951F8CA6}
		{9255E4A8-8F41-410F-8B4D-34A48D5643EA} = {2F4D688B-F002-49DE-A9F6-D8E6951F8CA6}
		{2D9FA317-A870-48C1-A150-027C9D4C12D3} = {E69BCDD3-6421-416C-AA19-61D4B96C7CB8}
	EndGlobalSection
EndGlobal
